github.com/google/uuid v1.3.0 h1:t6JiXgmwXMjEs8VusXIJk2BXHsn+wx8BZdTaoZ5fu7I=
github.com/google/uuid v1.3.0/go.mod h1:TIyPZe4MgqvfeYDBFedMoGGpEw/LqOeaOT+nhxU+yHo=
github.com/start-codex/goerrors v0.0.4 h1:xb0gfqPxKo/mIphnejBb4qI4qh226N+lD5DaiEK8WaU=
github.com/start-codex/goerrors v0.0.4/go.mod h1:BOTim6KRGR4az4gYEVIuaEbms1V9Vh21c/PBnCV5K/c=
github.com/start-codex/goutils v0.0.6 h1:KC/pxwsQrsbVhLdM5xnS4P8nGh+rCh6rDNtPQ2b31Ig=
github.com/start-codex/goutils v0.0.6/go.mod h1:pYRV4PlnTMeS+KV8r8V46uIZaLCP+oF7V2mrek4A1Wc=
