github.com/google/uuid v1.3.0 h1:t6JiXgmwXMjEs8VusXIJk2BXHsn+wx8BZdTaoZ5fu7I=
github.com/google/uuid v1.3.0/go.mod h1:TIyPZe4MgqvfeYDBFedMoGGpEw/LqOeaOT+nhxU+yHo=
github.com/start-codex/errors v0.0.2 h1:mFoGpY5hr42W3dhvIxih9S/gt6TNVJY9XbvYqrequ/U=
github.com/start-codex/errors v0.0.2/go.mod h1:dEszvqM6nAjnk1IQNbP9tXQxnImjQ7thcmDtJ8DbPF4=
github.com/start-codex/utils v0.0.5 h1:9l7rlnlPe6X7di44BASDu7G+VaTY6vblQxFLmMAA/QE=
github.com/start-codex/utils v0.0.5/go.mod h1:XZBlJPfmIBq0ibOF5uvMgqmf9g8NU1AeMDKI7oanOQk=
